
Microsoft Visual Studio Solution File, Format Version 12.00
# Visual Studio Version 17
VisualStudioVersion = 17.3.32804.467
MinimumVisualStudioVersion = 10.0.40219.1
Project("{2150E333-8FDC-42A3-9474-1A3956D46DE8}") = "Tests", "Tests", "{BC900C35-E0AD-46D2-BA4A-EF1904820B4A}"
EndProject
Project("{FAE04EC0-301F-11D3-BF4B-00C04F79EFBC}") = "Microsoft.AppCenter.Test.Windows", "Tests\Microsoft.AppCenter.Test.Windows\Microsoft.AppCenter.Test.Windows.csproj", "{E52C5D53-4485-4350-9F4E-AFF85CC18FD7}"
EndProject
Project("{FAE04EC0-301F-11D3-BF4B-00C04F79EFBC}") = "Microsoft.AppCenter.Analytics.Test.Windows", "Tests\Microsoft.AppCenter.Analytics.Test.Windows\Microsoft.AppCenter.Analytics.Test.Windows.csproj", "{4CFBAE12-D17F-49FF-B41D-C861EEB965C4}"
EndProject
Project("{2150E333-8FDC-42A3-9474-1A3956D46DE8}") = "SDK", "SDK", "{8E2BC697-ADCD-4395-827D-DDBD0633B145}"
EndProject
Project("{2150E333-8FDC-42A3-9474-1A3956D46DE8}") = "AppCenter", "AppCenter", "{B699D34F-C961-4E03-89AD-6B00FF643AE8}"
EndProject
Project("{2150E333-8FDC-42A3-9474-1A3956D46DE8}") = "AppCenterAnalytics", "AppCenterAnalytics", "{7D1BE3C5-199E-483C-A62F-D0376346B0D7}"
EndProject
Project("{9A19103F-16F7-4668-BE54-9A1E7A4F7556}") = "Microsoft.AppCenter.UWP", "SDK\AppCenter\Microsoft.AppCenter.UWP\Microsoft.AppCenter.UWP.csproj", "{15E3FC9B-7714-4468-A296-81627A5B8F01}"
EndProject
Project("{9A19103F-16F7-4668-BE54-9A1E7A4F7556}") = "Microsoft.AppCenter.Analytics.UWP", "SDK\AppCenterAnalytics\Microsoft.AppCenter.Analytics.UWP\Microsoft.AppCenter.Analytics.UWP.csproj", "{200073BF-FA7E-42AF-8ED5-AA50BE7C0295}"
EndProject
Project("{FAE04EC0-301F-11D3-BF4B-00C04F79EFBC}") = "Microsoft.AppCenter.Test.UWP", "Tests\Microsoft.AppCenter.Test.UWP\Microsoft.AppCenter.Test.UWP.csproj", "{6D86EE4F-2871-4DC3-BCA4-A692DBEAE59D}"
EndProject
Project("{FAE04EC0-301F-11D3-BF4B-00C04F79EFBC}") = "Microsoft.AppCenter.Test.WindowsDesktop", "Tests\Microsoft.AppCenter.Test.WindowsDesktop\Microsoft.AppCenter.Test.WindowsDesktop.csproj", "{C4674357-EFBA-43AA-9DB8-DE62A3309EB6}"
EndProject
Project("{9A19103F-16F7-4668-BE54-9A1E7A4F7556}") = "Microsoft.AppCenter.WindowsDesktop", "SDK\AppCenter\Microsoft.AppCenter.WindowsDesktop\Microsoft.AppCenter.WindowsDesktop.csproj", "{1E9EC0AA-3E32-4551-80C4-E4F3E53D7590}"
EndProject
Project("{9A19103F-16F7-4668-BE54-9A1E7A4F7556}") = "Microsoft.AppCenter.Analytics.WindowsDesktop", "SDK\AppCenterAnalytics\Microsoft.AppCenter.Analytics.WindowsDesktop\Microsoft.AppCenter.Analytics.WindowsDesktop.csproj", "{1F6C139A-29BB-4E74-8DF2-F8CCAB399A67}"
EndProject
Project("{2150E333-8FDC-42A3-9474-1A3956D46DE8}") = "AppCenterCrashes", "AppCenterCrashes", "{1CC4528D-CB1F-49E7-BB1B-710259FE14F1}"
EndProject
Project("{9A19103F-16F7-4668-BE54-9A1E7A4F7556}") = "Microsoft.AppCenter.Crashes.UWP", "SDK\AppCenterCrashes\Microsoft.AppCenter.Crashes.UWP\Microsoft.AppCenter.Crashes.UWP.csproj", "{2F715D51-643C-4F7F-9EA4-6554D4EECCB2}"
EndProject
Project("{9A19103F-16F7-4668-BE54-9A1E7A4F7556}") = "Microsoft.AppCenter.Crashes.WindowsDesktop", "SDK\AppCenterCrashes\Microsoft.AppCenter.Crashes.WindowsDesktop\Microsoft.AppCenter.Crashes.WindowsDesktop.csproj", "{DC55C086-714D-4E2F-B6CE-3C14BC3B6646}"
EndProject
Project("{FAE04EC0-301F-11D3-BF4B-00C04F79EFBC}") = "Microsoft.AppCenter.Crashes.Test.Windows", "Tests\Microsoft.AppCenter.Crashes.Test.Windows\Microsoft.AppCenter.Crashes.Test.Windows.csproj", "{1F1DBE94-AAEE-4A43-8586-EF8743672587}"
EndProject
Project("{D954291E-2A0B-460D-934E-DC6B0785DB48}") = "Microsoft.AppCenter.Test.WindowsDesktop.Shared", "Tests\Microsoft.AppCenter.Test.WindowsDesktop.Shared\Microsoft.AppCenter.Test.WindowsDesktop.Shared.shproj", "{09F38506-8DEF-431D-A749-DF7E73A719F0}"
EndProject
Project("{9A19103F-16F7-4668-BE54-9A1E7A4F7556}") = "Microsoft.AppCenter.Test", "Tests\Microsoft.AppCenter.Test\Microsoft.AppCenter.Test.csproj", "{018D100D-27CE-4F81-9398-00E45D80F97A}"
EndProject
Project("{9A19103F-16F7-4668-BE54-9A1E7A4F7556}") = "Microsoft.AppCenter.Analytics.Test", "Tests\Microsoft.AppCenter.Analytics.Test\Microsoft.AppCenter.Analytics.Test.csproj", "{766D49F8-DB3B-4496-95E5-ED02DAC4BB12}"
EndProject
Global
	GlobalSection(SolutionConfigurationPlatforms) = preSolution
		Debug|Any CPU = Debug|Any CPU
		Debug|ARM = Debug|ARM
		Debug|x64 = Debug|x64
		Debug|x86 = Debug|x86
		Release|Any CPU = Release|Any CPU
		Release|ARM = Release|ARM
		Release|x64 = Release|x64
		Release|x86 = Release|x86
	EndGlobalSection
	GlobalSection(ProjectConfigurationPlatforms) = postSolution
		{E52C5D53-4485-4350-9F4E-AFF85CC18FD7}.Debug|Any CPU.ActiveCfg = Debug|Any CPU
		{E52C5D53-4485-4350-9F4E-AFF85CC18FD7}.Debug|Any CPU.Build.0 = Debug|Any CPU
		{E52C5D53-4485-4350-9F4E-AFF85CC18FD7}.Debug|ARM.ActiveCfg = Debug|Any CPU
		{E52C5D53-4485-4350-9F4E-AFF85CC18FD7}.Debug|ARM.Build.0 = Debug|Any CPU
		{E52C5D53-4485-4350-9F4E-AFF85CC18FD7}.Debug|x64.ActiveCfg = Debug|Any CPU
		{E52C5D53-4485-4350-9F4E-AFF85CC18FD7}.Debug|x64.Build.0 = Debug|Any CPU
		{E52C5D53-4485-4350-9F4E-AFF85CC18FD7}.Debug|x86.ActiveCfg = Debug|Any CPU
		{E52C5D53-4485-4350-9F4E-AFF85CC18FD7}.Debug|x86.Build.0 = Debug|Any CPU
		{E52C5D53-4485-4350-9F4E-AFF85CC18FD7}.Release|Any CPU.ActiveCfg = Release|Any CPU
		{E52C5D53-4485-4350-9F4E-AFF85CC18FD7}.Release|Any CPU.Build.0 = Release|Any CPU
		{E52C5D53-4485-4350-9F4E-AFF85CC18FD7}.Release|ARM.ActiveCfg = Release|Any CPU
		{E52C5D53-4485-4350-9F4E-AFF85CC18FD7}.Release|ARM.Build.0 = Release|Any CPU
		{E52C5D53-4485-4350-9F4E-AFF85CC18FD7}.Release|x64.ActiveCfg = Release|Any CPU
		{E52C5D53-4485-4350-9F4E-AFF85CC18FD7}.Release|x64.Build.0 = Release|Any CPU
		{E52C5D53-4485-4350-9F4E-AFF85CC18FD7}.Release|x86.ActiveCfg = Release|Any CPU
		{E52C5D53-4485-4350-9F4E-AFF85CC18FD7}.Release|x86.Build.0 = Release|Any CPU
		{4CFBAE12-D17F-49FF-B41D-C861EEB965C4}.Debug|Any CPU.ActiveCfg = Debug|Any CPU
		{4CFBAE12-D17F-49FF-B41D-C861EEB965C4}.Debug|Any CPU.Build.0 = Debug|Any CPU
		{4CFBAE12-D17F-49FF-B41D-C861EEB965C4}.Debug|ARM.ActiveCfg = Debug|Any CPU
		{4CFBAE12-D17F-49FF-B41D-C861EEB965C4}.Debug|ARM.Build.0 = Debug|Any CPU
		{4CFBAE12-D17F-49FF-B41D-C861EEB965C4}.Debug|x64.ActiveCfg = Debug|Any CPU
		{4CFBAE12-D17F-49FF-B41D-C861EEB965C4}.Debug|x64.Build.0 = Debug|Any CPU
		{4CFBAE12-D17F-49FF-B41D-C861EEB965C4}.Debug|x86.ActiveCfg = Debug|Any CPU
		{4CFBAE12-D17F-49FF-B41D-C861EEB965C4}.Debug|x86.Build.0 = Debug|Any CPU
		{4CFBAE12-D17F-49FF-B41D-C861EEB965C4}.Release|Any CPU.ActiveCfg = Release|Any CPU
		{4CFBAE12-D17F-49FF-B41D-C861EEB965C4}.Release|Any CPU.Build.0 = Release|Any CPU
		{4CFBAE12-D17F-49FF-B41D-C861EEB965C4}.Release|ARM.ActiveCfg = Release|Any CPU
		{4CFBAE12-D17F-49FF-B41D-C861EEB965C4}.Release|ARM.Build.0 = Release|Any CPU
		{4CFBAE12-D17F-49FF-B41D-C861EEB965C4}.Release|x64.ActiveCfg = Release|Any CPU
		{4CFBAE12-D17F-49FF-B41D-C861EEB965C4}.Release|x64.Build.0 = Release|Any CPU
		{4CFBAE12-D17F-49FF-B41D-C861EEB965C4}.Release|x86.ActiveCfg = Release|Any CPU
		{4CFBAE12-D17F-49FF-B41D-C861EEB965C4}.Release|x86.Build.0 = Release|Any CPU
		{15E3FC9B-7714-4468-A296-81627A5B8F01}.Debug|Any CPU.ActiveCfg = Debug|Any CPU
		{15E3FC9B-7714-4468-A296-81627A5B8F01}.Debug|Any CPU.Build.0 = Debug|Any CPU
		{15E3FC9B-7714-4468-A296-81627A5B8F01}.Debug|ARM.ActiveCfg = Debug|ARM
		{15E3FC9B-7714-4468-A296-81627A5B8F01}.Debug|ARM.Build.0 = Debug|ARM
		{15E3FC9B-7714-4468-A296-81627A5B8F01}.Debug|x64.ActiveCfg = Debug|x64
		{15E3FC9B-7714-4468-A296-81627A5B8F01}.Debug|x64.Build.0 = Debug|x64
		{15E3FC9B-7714-4468-A296-81627A5B8F01}.Debug|x86.ActiveCfg = Debug|x86
		{15E3FC9B-7714-4468-A296-81627A5B8F01}.Debug|x86.Build.0 = Debug|x86
		{15E3FC9B-7714-4468-A296-81627A5B8F01}.Release|Any CPU.ActiveCfg = Release|Any CPU
		{15E3FC9B-7714-4468-A296-81627A5B8F01}.Release|Any CPU.Build.0 = Release|Any CPU
		{15E3FC9B-7714-4468-A296-81627A5B8F01}.Release|ARM.ActiveCfg = Release|ARM
		{15E3FC9B-7714-4468-A296-81627A5B8F01}.Release|ARM.Build.0 = Release|ARM
		{15E3FC9B-7714-4468-A296-81627A5B8F01}.Release|x64.ActiveCfg = Release|x64
		{15E3FC9B-7714-4468-A296-81627A5B8F01}.Release|x64.Build.0 = Release|x64
		{15E3FC9B-7714-4468-A296-81627A5B8F01}.Release|x86.ActiveCfg = Release|x86
		{15E3FC9B-7714-4468-A296-81627A5B8F01}.Release|x86.Build.0 = Release|x86
		{200073BF-FA7E-42AF-8ED5-AA50BE7C0295}.Debug|Any CPU.ActiveCfg = Debug|Any CPU
		{200073BF-FA7E-42AF-8ED5-AA50BE7C0295}.Debug|Any CPU.Build.0 = Debug|Any CPU
		{200073BF-FA7E-42AF-8ED5-AA50BE7C0295}.Debug|ARM.ActiveCfg = Debug|ARM
		{200073BF-FA7E-42AF-8ED5-AA50BE7C0295}.Debug|ARM.Build.0 = Debug|ARM
		{200073BF-FA7E-42AF-8ED5-AA50BE7C0295}.Debug|x64.ActiveCfg = Debug|x64
		{200073BF-FA7E-42AF-8ED5-AA50BE7C0295}.Debug|x64.Build.0 = Debug|x64
		{200073BF-FA7E-42AF-8ED5-AA50BE7C0295}.Debug|x86.ActiveCfg = Debug|x86
		{200073BF-FA7E-42AF-8ED5-AA50BE7C0295}.Debug|x86.Build.0 = Debug|x86
		{200073BF-FA7E-42AF-8ED5-AA50BE7C0295}.Release|Any CPU.ActiveCfg = Release|Any CPU
		{200073BF-FA7E-42AF-8ED5-AA50BE7C0295}.Release|Any CPU.Build.0 = Release|Any CPU
		{200073BF-FA7E-42AF-8ED5-AA50BE7C0295}.Release|ARM.ActiveCfg = Release|ARM
		{200073BF-FA7E-42AF-8ED5-AA50BE7C0295}.Release|ARM.Build.0 = Release|ARM
		{200073BF-FA7E-42AF-8ED5-AA50BE7C0295}.Release|x64.ActiveCfg = Release|x64
		{200073BF-FA7E-42AF-8ED5-AA50BE7C0295}.Release|x64.Build.0 = Release|x64
		{200073BF-FA7E-42AF-8ED5-AA50BE7C0295}.Release|x86.ActiveCfg = Release|x86
		{200073BF-FA7E-42AF-8ED5-AA50BE7C0295}.Release|x86.Build.0 = Release|x86
		{6D86EE4F-2871-4DC3-BCA4-A692DBEAE59D}.Debug|Any CPU.ActiveCfg = Debug|x86
		{6D86EE4F-2871-4DC3-BCA4-A692DBEAE59D}.Debug|ARM.ActiveCfg = Debug|ARM
		{6D86EE4F-2871-4DC3-BCA4-A692DBEAE59D}.Debug|ARM.Build.0 = Debug|ARM
		{6D86EE4F-2871-4DC3-BCA4-A692DBEAE59D}.Debug|ARM.Deploy.0 = Debug|ARM
		{6D86EE4F-2871-4DC3-BCA4-A692DBEAE59D}.Debug|x64.ActiveCfg = Debug|x64
		{6D86EE4F-2871-4DC3-BCA4-A692DBEAE59D}.Debug|x64.Build.0 = Debug|x64
		{6D86EE4F-2871-4DC3-BCA4-A692DBEAE59D}.Debug|x64.Deploy.0 = Debug|x64
		{6D86EE4F-2871-4DC3-BCA4-A692DBEAE59D}.Debug|x86.ActiveCfg = Debug|x86
		{6D86EE4F-2871-4DC3-BCA4-A692DBEAE59D}.Debug|x86.Build.0 = Debug|x86
		{6D86EE4F-2871-4DC3-BCA4-A692DBEAE59D}.Debug|x86.Deploy.0 = Debug|x86
		{6D86EE4F-2871-4DC3-BCA4-A692DBEAE59D}.Release|Any CPU.ActiveCfg = Release|x86
		{6D86EE4F-2871-4DC3-BCA4-A692DBEAE59D}.Release|ARM.ActiveCfg = Release|ARM
		{6D86EE4F-2871-4DC3-BCA4-A692DBEAE59D}.Release|ARM.Build.0 = Release|ARM
		{6D86EE4F-2871-4DC3-BCA4-A692DBEAE59D}.Release|ARM.Deploy.0 = Release|ARM
		{6D86EE4F-2871-4DC3-BCA4-A692DBEAE59D}.Release|x64.ActiveCfg = Release|x64
		{6D86EE4F-2871-4DC3-BCA4-A692DBEAE59D}.Release|x64.Build.0 = Release|x64
		{6D86EE4F-2871-4DC3-BCA4-A692DBEAE59D}.Release|x64.Deploy.0 = Release|x64
		{6D86EE4F-2871-4DC3-BCA4-A692DBEAE59D}.Release|x86.ActiveCfg = Release|x86
		{6D86EE4F-2871-4DC3-BCA4-A692DBEAE59D}.Release|x86.Build.0 = Release|x86
		{6D86EE4F-2871-4DC3-BCA4-A692DBEAE59D}.Release|x86.Deploy.0 = Release|x86
		{C4674357-EFBA-43AA-9DB8-DE62A3309EB6}.Debug|Any CPU.ActiveCfg = Debug|Any CPU
		{C4674357-EFBA-43AA-9DB8-DE62A3309EB6}.Debug|Any CPU.Build.0 = Debug|Any CPU
		{C4674357-EFBA-43AA-9DB8-DE62A3309EB6}.Debug|ARM.ActiveCfg = Debug|Any CPU
		{C4674357-EFBA-43AA-9DB8-DE62A3309EB6}.Debug|ARM.Build.0 = Debug|Any CPU
		{C4674357-EFBA-43AA-9DB8-DE62A3309EB6}.Debug|x64.ActiveCfg = Debug|Any CPU
		{C4674357-EFBA-43AA-9DB8-DE62A3309EB6}.Debug|x64.Build.0 = Debug|Any CPU
		{C4674357-EFBA-43AA-9DB8-DE62A3309EB6}.Debug|x86.ActiveCfg = Debug|Any CPU
		{C4674357-EFBA-43AA-9DB8-DE62A3309EB6}.Debug|x86.Build.0 = Debug|Any CPU
		{C4674357-EFBA-43AA-9DB8-DE62A3309EB6}.Release|Any CPU.ActiveCfg = Release|Any CPU
		{C4674357-EFBA-43AA-9DB8-DE62A3309EB6}.Release|Any CPU.Build.0 = Release|Any CPU
		{C4674357-EFBA-43AA-9DB8-DE62A3309EB6}.Release|ARM.ActiveCfg = Release|Any CPU
		{C4674357-EFBA-43AA-9DB8-DE62A3309EB6}.Release|ARM.Build.0 = Release|Any CPU
		{C4674357-EFBA-43AA-9DB8-DE62A3309EB6}.Release|x64.ActiveCfg = Release|Any CPU
		{C4674357-EFBA-43AA-9DB8-DE62A3309EB6}.Release|x64.Build.0 = Release|Any CPU
		{C4674357-EFBA-43AA-9DB8-DE62A3309EB6}.Release|x86.ActiveCfg = Release|Any CPU
		{C4674357-EFBA-43AA-9DB8-DE62A3309EB6}.Release|x86.Build.0 = Release|Any CPU
		{1E9EC0AA-3E32-4551-80C4-E4F3E53D7590}.Debug|Any CPU.ActiveCfg = Debug|Any CPU
		{1E9EC0AA-3E32-4551-80C4-E4F3E53D7590}.Debug|Any CPU.Build.0 = Debug|Any CPU
		{1E9EC0AA-3E32-4551-80C4-E4F3E53D7590}.Debug|ARM.ActiveCfg = Debug|Any CPU
		{1E9EC0AA-3E32-4551-80C4-E4F3E53D7590}.Debug|ARM.Build.0 = Debug|Any CPU
		{1E9EC0AA-3E32-4551-80C4-E4F3E53D7590}.Debug|x64.ActiveCfg = Debug|Any CPU
		{1E9EC0AA-3E32-4551-80C4-E4F3E53D7590}.Debug|x64.Build.0 = Debug|Any CPU
		{1E9EC0AA-3E32-4551-80C4-E4F3E53D7590}.Debug|x86.ActiveCfg = Debug|Any CPU
		{1E9EC0AA-3E32-4551-80C4-E4F3E53D7590}.Debug|x86.Build.0 = Debug|Any CPU
		{1E9EC0AA-3E32-4551-80C4-E4F3E53D7590}.Release|Any CPU.ActiveCfg = Release|Any CPU
		{1E9EC0AA-3E32-4551-80C4-E4F3E53D7590}.Release|Any CPU.Build.0 = Release|Any CPU
		{1E9EC0AA-3E32-4551-80C4-E4F3E53D7590}.Release|ARM.ActiveCfg = Release|Any CPU
		{1E9EC0AA-3E32-4551-80C4-E4F3E53D7590}.Release|ARM.Build.0 = Release|Any CPU
		{1E9EC0AA-3E32-4551-80C4-E4F3E53D7590}.Release|x64.ActiveCfg = Release|Any CPU
		{1E9EC0AA-3E32-4551-80C4-E4F3E53D7590}.Release|x64.Build.0 = Release|Any CPU
		{1E9EC0AA-3E32-4551-80C4-E4F3E53D7590}.Release|x86.ActiveCfg = Release|Any CPU
		{1E9EC0AA-3E32-4551-80C4-E4F3E53D7590}.Release|x86.Build.0 = Release|Any CPU
		{1F6C139A-29BB-4E74-8DF2-F8CCAB399A67}.Debug|Any CPU.ActiveCfg = Debug|Any CPU
		{1F6C139A-29BB-4E74-8DF2-F8CCAB399A67}.Debug|Any CPU.Build.0 = Debug|Any CPU
		{1F6C139A-29BB-4E74-8DF2-F8CCAB399A67}.Debug|ARM.ActiveCfg = Debug|Any CPU
		{1F6C139A-29BB-4E74-8DF2-F8CCAB399A67}.Debug|ARM.Build.0 = Debug|Any CPU
		{1F6C139A-29BB-4E74-8DF2-F8CCAB399A67}.Debug|x64.ActiveCfg = Debug|Any CPU
		{1F6C139A-29BB-4E74-8DF2-F8CCAB399A67}.Debug|x64.Build.0 = Debug|Any CPU
		{1F6C139A-29BB-4E74-8DF2-F8CCAB399A67}.Debug|x86.ActiveCfg = Debug|Any CPU
		{1F6C139A-29BB-4E74-8DF2-F8CCAB399A67}.Debug|x86.Build.0 = Debug|Any CPU
		{1F6C139A-29BB-4E74-8DF2-F8CCAB399A67}.Release|Any CPU.ActiveCfg = Release|Any CPU
		{1F6C139A-29BB-4E74-8DF2-F8CCAB399A67}.Release|Any CPU.Build.0 = Release|Any CPU
		{1F6C139A-29BB-4E74-8DF2-F8CCAB399A67}.Release|ARM.ActiveCfg = Release|Any CPU
		{1F6C139A-29BB-4E74-8DF2-F8CCAB399A67}.Release|ARM.Build.0 = Release|Any CPU
		{1F6C139A-29BB-4E74-8DF2-F8CCAB399A67}.Release|x64.ActiveCfg = Release|Any CPU
		{1F6C139A-29BB-4E74-8DF2-F8CCAB399A67}.Release|x64.Build.0 = Release|Any CPU
		{1F6C139A-29BB-4E74-8DF2-F8CCAB399A67}.Release|x86.ActiveCfg = Release|Any CPU
		{1F6C139A-29BB-4E74-8DF2-F8CCAB399A67}.Release|x86.Build.0 = Release|Any CPU
		{2F715D51-643C-4F7F-9EA4-6554D4EECCB2}.Debug|Any CPU.ActiveCfg = Debug|Any CPU
		{2F715D51-643C-4F7F-9EA4-6554D4EECCB2}.Debug|Any CPU.Build.0 = Debug|Any CPU
		{2F715D51-643C-4F7F-9EA4-6554D4EECCB2}.Debug|ARM.ActiveCfg = Debug|ARM
		{2F715D51-643C-4F7F-9EA4-6554D4EECCB2}.Debug|ARM.Build.0 = Debug|ARM
		{2F715D51-643C-4F7F-9EA4-6554D4EECCB2}.Debug|x64.ActiveCfg = Debug|x64
		{2F715D51-643C-4F7F-9EA4-6554D4EECCB2}.Debug|x64.Build.0 = Debug|x64
		{2F715D51-643C-4F7F-9EA4-6554D4EECCB2}.Debug|x86.ActiveCfg = Debug|x86
		{2F715D51-643C-4F7F-9EA4-6554D4EECCB2}.Debug|x86.Build.0 = Debug|x86
		{2F715D51-643C-4F7F-9EA4-6554D4EECCB2}.Release|Any CPU.ActiveCfg = Release|Any CPU
		{2F715D51-643C-4F7F-9EA4-6554D4EECCB2}.Release|Any CPU.Build.0 = Release|Any CPU
		{2F715D51-643C-4F7F-9EA4-6554D4EECCB2}.Release|ARM.ActiveCfg = Release|ARM
		{2F715D51-643C-4F7F-9EA4-6554D4EECCB2}.Release|ARM.Build.0 = Release|ARM
		{2F715D51-643C-4F7F-9EA4-6554D4EECCB2}.Release|x64.ActiveCfg = Release|x64
		{2F715D51-643C-4F7F-9EA4-6554D4EECCB2}.Release|x64.Build.0 = Release|x64
		{2F715D51-643C-4F7F-9EA4-6554D4EECCB2}.Release|x86.ActiveCfg = Release|x86
		{2F715D51-643C-4F7F-9EA4-6554D4EECCB2}.Release|x86.Build.0 = Release|x86
		{DC55C086-714D-4E2F-B6CE-3C14BC3B6646}.Debug|Any CPU.ActiveCfg = Debug|Any CPU
		{DC55C086-714D-4E2F-B6CE-3C14BC3B6646}.Debug|Any CPU.Build.0 = Debug|Any CPU
		{DC55C086-714D-4E2F-B6CE-3C14BC3B6646}.Debug|ARM.ActiveCfg = Debug|Any CPU
		{DC55C086-714D-4E2F-B6CE-3C14BC3B6646}.Debug|ARM.Build.0 = Debug|Any CPU
		{DC55C086-714D-4E2F-B6CE-3C14BC3B6646}.Debug|x64.ActiveCfg = Debug|Any CPU
		{DC55C086-714D-4E2F-B6CE-3C14BC3B6646}.Debug|x64.Build.0 = Debug|Any CPU
		{DC55C086-714D-4E2F-B6CE-3C14BC3B6646}.Debug|x86.ActiveCfg = Debug|Any CPU
		{DC55C086-714D-4E2F-B6CE-3C14BC3B6646}.Debug|x86.Build.0 = Debug|Any CPU
		{DC55C086-714D-4E2F-B6CE-3C14BC3B6646}.Release|Any CPU.ActiveCfg = Release|Any CPU
		{DC55C086-714D-4E2F-B6CE-3C14BC3B6646}.Release|Any CPU.Build.0 = Release|Any CPU
		{DC55C086-714D-4E2F-B6CE-3C14BC3B6646}.Release|ARM.ActiveCfg = Release|Any CPU
		{DC55C086-714D-4E2F-B6CE-3C14BC3B6646}.Release|ARM.Build.0 = Release|Any CPU
		{DC55C086-714D-4E2F-B6CE-3C14BC3B6646}.Release|x64.ActiveCfg = Release|Any CPU
		{DC55C086-714D-4E2F-B6CE-3C14BC3B6646}.Release|x64.Build.0 = Release|Any CPU
		{DC55C086-714D-4E2F-B6CE-3C14BC3B6646}.Release|x86.ActiveCfg = Release|Any CPU
		{DC55C086-714D-4E2F-B6CE-3C14BC3B6646}.Release|x86.Build.0 = Release|Any CPU
		{1F1DBE94-AAEE-4A43-8586-EF8743672587}.Debug|Any CPU.ActiveCfg = Debug|Any CPU
		{1F1DBE94-AAEE-4A43-8586-EF8743672587}.Debug|Any CPU.Build.0 = Debug|Any CPU
		{1F1DBE94-AAEE-4A43-8586-EF8743672587}.Debug|ARM.ActiveCfg = Debug|Any CPU
		{1F1DBE94-AAEE-4A43-8586-EF8743672587}.Debug|ARM.Build.0 = Debug|Any CPU
		{1F1DBE94-AAEE-4A43-8586-EF8743672587}.Debug|x64.ActiveCfg = Debug|Any CPU
		{1F1DBE94-AAEE-4A43-8586-EF8743672587}.Debug|x64.Build.0 = Debug|Any CPU
		{1F1DBE94-AAEE-4A43-8586-EF8743672587}.Debug|x86.ActiveCfg = Debug|Any CPU
		{1F1DBE94-AAEE-4A43-8586-EF8743672587}.Debug|x86.Build.0 = Debug|Any CPU
		{1F1DBE94-AAEE-4A43-8586-EF8743672587}.Release|Any CPU.ActiveCfg = Release|Any CPU
		{1F1DBE94-AAEE-4A43-8586-EF8743672587}.Release|Any CPU.Build.0 = Release|Any CPU
		{1F1DBE94-AAEE-4A43-8586-EF8743672587}.Release|ARM.ActiveCfg = Release|Any CPU
		{1F1DBE94-AAEE-4A43-8586-EF8743672587}.Release|ARM.Build.0 = Release|Any CPU
		{1F1DBE94-AAEE-4A43-8586-EF8743672587}.Release|x64.ActiveCfg = Release|Any CPU
		{1F1DBE94-AAEE-4A43-8586-EF8743672587}.Release|x64.Build.0 = Release|Any CPU
		{1F1DBE94-AAEE-4A43-8586-EF8743672587}.Release|x86.ActiveCfg = Release|Any CPU
		{1F1DBE94-AAEE-4A43-8586-EF8743672587}.Release|x86.Build.0 = Release|Any CPU
		{018D100D-27CE-4F81-9398-00E45D80F97A}.Debug|Any CPU.ActiveCfg = Debug|Any CPU
		{018D100D-27CE-4F81-9398-00E45D80F97A}.Debug|Any CPU.Build.0 = Debug|Any CPU
		{018D100D-27CE-4F81-9398-00E45D80F97A}.Debug|ARM.ActiveCfg = Debug|Any CPU
		{018D100D-27CE-4F81-9398-00E45D80F97A}.Debug|ARM.Build.0 = Debug|Any CPU
		{018D100D-27CE-4F81-9398-00E45D80F97A}.Debug|x64.ActiveCfg = Debug|Any CPU
		{018D100D-27CE-4F81-9398-00E45D80F97A}.Debug|x64.Build.0 = Debug|Any CPU
		{018D100D-27CE-4F81-9398-00E45D80F97A}.Debug|x86.ActiveCfg = Debug|Any CPU
		{018D100D-27CE-4F81-9398-00E45D80F97A}.Debug|x86.Build.0 = Debug|Any CPU
		{018D100D-27CE-4F81-9398-00E45D80F97A}.Release|Any CPU.ActiveCfg = Release|Any CPU
		{018D100D-27CE-4F81-9398-00E45D80F97A}.Release|Any CPU.Build.0 = Release|Any CPU
		{018D100D-27CE-4F81-9398-00E45D80F97A}.Release|ARM.ActiveCfg = Release|Any CPU
		{018D100D-27CE-4F81-9398-00E45D80F97A}.Release|ARM.Build.0 = Release|Any CPU
		{018D100D-27CE-4F81-9398-00E45D80F97A}.Release|x64.ActiveCfg = Release|Any CPU
		{018D100D-27CE-4F81-9398-00E45D80F97A}.Release|x64.Build.0 = Release|Any CPU
		{018D100D-27CE-4F81-9398-00E45D80F97A}.Release|x86.ActiveCfg = Release|Any CPU
		{018D100D-27CE-4F81-9398-00E45D80F97A}.Release|x86.Build.0 = Release|Any CPU
		{766D49F8-DB3B-4496-95E5-ED02DAC4BB12}.Debug|Any CPU.ActiveCfg = Debug|Any CPU
		{766D49F8-DB3B-4496-95E5-ED02DAC4BB12}.Debug|Any CPU.Build.0 = Debug|Any CPU
		{766D49F8-DB3B-4496-95E5-ED02DAC4BB12}.Debug|ARM.ActiveCfg = Debug|Any CPU
		{766D49F8-DB3B-4496-95E5-ED02DAC4BB12}.Debug|ARM.Build.0 = Debug|Any CPU
		{766D49F8-DB3B-4496-95E5-ED02DAC4BB12}.Debug|x64.ActiveCfg = Debug|Any CPU
		{766D49F8-DB3B-4496-95E5-ED02DAC4BB12}.Debug|x64.Build.0 = Debug|Any CPU
		{766D49F8-DB3B-4496-95E5-ED02DAC4BB12}.Debug|x86.ActiveCfg = Debug|Any CPU
		{766D49F8-DB3B-4496-95E5-ED02DAC4BB12}.Debug|x86.Build.0 = Debug|Any CPU
		{766D49F8-DB3B-4496-95E5-ED02DAC4BB12}.Release|Any CPU.ActiveCfg = Release|Any CPU
		{766D49F8-DB3B-4496-95E5-ED02DAC4BB12}.Release|Any CPU.Build.0 = Release|Any CPU
		{766D49F8-DB3B-4496-95E5-ED02DAC4BB12}.Release|ARM.ActiveCfg = Release|Any CPU
		{766D49F8-DB3B-4496-95E5-ED02DAC4BB12}.Release|ARM.Build.0 = Release|Any CPU
		{766D49F8-DB3B-4496-95E5-ED02DAC4BB12}.Release|x64.ActiveCfg = Release|Any CPU
		{766D49F8-DB3B-4496-95E5-ED02DAC4BB12}.Release|x64.Build.0 = Release|Any CPU
		{766D49F8-DB3B-4496-95E5-ED02DAC4BB12}.Release|x86.ActiveCfg = Release|Any CPU
		{766D49F8-DB3B-4496-95E5-ED02DAC4BB12}.Release|x86.Build.0 = Release|Any CPU
	EndGlobalSection
	GlobalSection(SolutionProperties) = preSolution
		HideSolutionNode = FALSE
	EndGlobalSection
	GlobalSection(NestedProjects) = preSolution
		{E52C5D53-4485-4350-9F4E-AFF85CC18FD7} = {BC900C35-E0AD-46D2-BA4A-EF1904820B4A}
		{4CFBAE12-D17F-49FF-B41D-C861EEB965C4} = {BC900C35-E0AD-46D2-BA4A-EF1904820B4A}
		{B699D34F-C961-4E03-89AD-6B00FF643AE8} = {8E2BC697-ADCD-4395-827D-DDBD0633B145}
		{7D1BE3C5-199E-483C-A62F-D0376346B0D7} = {8E2BC697-ADCD-4395-827D-DDBD0633B145}
		{15E3FC9B-7714-4468-A296-81627A5B8F01} = {B699D34F-C961-4E03-89AD-6B00FF643AE8}
		{200073BF-FA7E-42AF-8ED5-AA50BE7C0295} = {7D1BE3C5-199E-483C-A62F-D0376346B0D7}
		{6D86EE4F-2871-4DC3-BCA4-A692DBEAE59D} = {BC900C35-E0AD-46D2-BA4A-EF1904820B4A}
		{C4674357-EFBA-43AA-9DB8-DE62A3309EB6} = {BC900C35-E0AD-46D2-BA4A-EF1904820B4A}
		{1E9EC0AA-3E32-4551-80C4-E4F3E53D7590} = {B699D34F-C961-4E03-89AD-6B00FF643AE8}
		{1F6C139A-29BB-4E74-8DF2-F8CCAB399A67} = {7D1BE3C5-199E-483C-A62F-D0376346B0D7}
		{1CC4528D-CB1F-49E7-BB1B-710259FE14F1} = {8E2BC697-ADCD-4395-827D-DDBD0633B145}
		{2F715D51-643C-4F7F-9EA4-6554D4EECCB2} = {1CC4528D-CB1F-49E7-BB1B-710259FE14F1}
		{DC55C086-714D-4E2F-B6CE-3C14BC3B6646} = {1CC4528D-CB1F-49E7-BB1B-710259FE14F1}
		{1F1DBE94-AAEE-4A43-8586-EF8743672587} = {BC900C35-E0AD-46D2-BA4A-EF1904820B4A}
		{09F38506-8DEF-431D-A749-DF7E73A719F0} = {BC900C35-E0AD-46D2-BA4A-EF1904820B4A}
		{018D100D-27CE-4F81-9398-00E45D80F97A} = {BC900C35-E0AD-46D2-BA4A-EF1904820B4A}
		{766D49F8-DB3B-4496-95E5-ED02DAC4BB12} = {BC900C35-E0AD-46D2-BA4A-EF1904820B4A}
	EndGlobalSection
	GlobalSection(ExtensibilityGlobals) = postSolution
		SolutionGuid = {20FA0AA7-3861-4C36-97CC-9C5BA0D2D21D}
	EndGlobalSection
	GlobalSection(SharedMSBuildProjectFiles) = preSolution
		Tests\Microsoft.AppCenter.Test.WindowsDesktop.Shared\Microsoft.AppCenter.Test.WindowsDesktop.Shared.projitems*{09f38506-8def-431d-a749-df7e73a719f0}*SharedItemsImports = 13
		Tests\Microsoft.AppCenter.Test.WindowsDesktop.Shared\Microsoft.AppCenter.Test.WindowsDesktop.Shared.projitems*{c4674357-efba-43aa-9db8-de62a3309eb6}*SharedItemsImports = 4
	EndGlobalSection
EndGlobal
