
Microsoft Visual Studio Solution File, Format Version 12.00
# Visual Studio Version 16
VisualStudioVersion = 25.0.1703.0
MinimumVisualStudioVersion = 10.0.40219.1
Project("{2150E333-8FDC-42A3-9474-1A3956D46DE8}") = "SDK", "SDK", "{13B3FD28-AE3D-4A21-AF91-02D45F63075A}"
EndProject
Project("{2150E333-8FDC-42A3-9474-1A3956D46DE8}") = "AppCenter", "AppCenter", "{74711F41-3DC9-49DD-933F-BA357583919D}"
EndProject
Project("{FAE04EC0-301F-11D3-BF4B-00C04F79EFBC}") = "Microsoft.AppCenter", "SDK\AppCenter\Microsoft.AppCenter\Microsoft.AppCenter.csproj", "{2D8978D3-B631-44C4-A68E-092BAB5F76E6}"
EndProject
Project("{FAE04EC0-301F-11D3-BF4B-00C04F79EFBC}") = "Microsoft.AppCenter.Apple", "SDK\AppCenter\Microsoft.AppCenter.Apple\Microsoft.AppCenter.Apple.csproj", "{AFE9F1BD-145D-4D25-837E-D7D799CB4C87}"
EndProject
Project("{FAE04EC0-301F-11D3-BF4B-00C04F79EFBC}") = "Microsoft.AppCenter.Apple.Mono", "SDK\AppCenter\Microsoft.AppCenter.Apple\Microsoft.AppCenter.Apple.Mono.csproj", "{B87370CD-AF51-45E0-AA15-3E0ABC0C30A0}"
EndProject
Project("{FAE04EC0-301F-11D3-BF4B-00C04F79EFBC}") = "Microsoft.AppCenter.Android", "SDK\AppCenter\Microsoft.AppCenter.Android\Microsoft.AppCenter.Android.csproj", "{2AF5BBC2-F2D3-4902-8ADB-7295CC80B83C}"
EndProject
Project("{FAE04EC0-301F-11D3-BF4B-00C04F79EFBC}") = "Microsoft.AppCenter.Android.Mono", "SDK\AppCenter\Microsoft.AppCenter.Android\Microsoft.AppCenter.Android.Mono.csproj", "{119C1730-E109-4BC9-AA89-9DCA2C50BFD5}"
EndProject
Project("{2150E333-8FDC-42A3-9474-1A3956D46DE8}") = "AppCenterAnalytics", "AppCenterAnalytics", "{50FA4F1C-A53C-4D5F-95AD-EB7B57F75BF5}"
EndProject
Project("{FAE04EC0-301F-11D3-BF4B-00C04F79EFBC}") = "Microsoft.AppCenter.Analytics", "SDK\AppCenterAnalytics\Microsoft.AppCenter.Analytics\Microsoft.AppCenter.Analytics.csproj", "{28384A6C-93E5-41E8-80EB-8AC8E4158612}"
EndProject
Project("{FAE04EC0-301F-11D3-BF4B-00C04F79EFBC}") = "Microsoft.AppCenter.Analytics.Apple", "SDK\AppCenterAnalytics\Microsoft.AppCenter.Analytics.Apple\Microsoft.AppCenter.Analytics.Apple.csproj", "{40A8DC9E-0650-48D3-8119-2D99B1FBF8AD}"
EndProject
Project("{FAE04EC0-301F-11D3-BF4B-00C04F79EFBC}") = "Microsoft.AppCenter.Analytics.Apple.Mono", "SDK\AppCenterAnalytics\Microsoft.AppCenter.Analytics.Apple\Microsoft.AppCenter.Analytics.Apple.Mono.csproj", "{EF5D0090-9E12-45B5-961C-45D787BD80A5}"
EndProject
Project("{FAE04EC0-301F-11D3-BF4B-00C04F79EFBC}") = "Microsoft.AppCenter.Analytics.Android", "SDK\AppCenterAnalytics\Microsoft.AppCenter.Analytics.Android\Microsoft.AppCenter.Analytics.Android.csproj", "{42A3DA9B-A2EF-4F42-B37F-FF75ECB5B59A}"
EndProject
Project("{FAE04EC0-301F-11D3-BF4B-00C04F79EFBC}") = "Microsoft.AppCenter.Analytics.Android.Mono", "SDK\AppCenterAnalytics\Microsoft.AppCenter.Analytics.Android\Microsoft.AppCenter.Analytics.Android.Mono.csproj", "{93E4ADA5-8D7A-44BF-9549-0AD76AB86E8F}"
EndProject
Project("{2150E333-8FDC-42A3-9474-1A3956D46DE8}") = "AppCenterCrashes", "AppCenterCrashes", "{0C9F1E5A-FA7B-42A1-BDC0-4C6F8B120D32}"
EndProject
Project("{FAE04EC0-301F-11D3-BF4B-00C04F79EFBC}") = "Microsoft.AppCenter.Crashes", "SDK\AppCenterCrashes\Microsoft.AppCenter.Crashes\Microsoft.AppCenter.Crashes.csproj", "{853A562F-3BF8-42C2-A42B-C2EDA95B7234}"
EndProject
Project("{FAE04EC0-301F-11D3-BF4B-00C04F79EFBC}") = "Microsoft.AppCenter.Crashes.Apple", "SDK\AppCenterCrashes\Microsoft.AppCenter.Crashes.Apple\Microsoft.AppCenter.Crashes.Apple.csproj", "{272C9FEB-DF88-44D7-9663-0BB5F8246B29}"
EndProject
Project("{FAE04EC0-301F-11D3-BF4B-00C04F79EFBC}") = "Microsoft.AppCenter.Crashes.Apple.Mono", "SDK\AppCenterCrashes\Microsoft.AppCenter.Crashes.Apple\Microsoft.AppCenter.Crashes.Apple.Mono.csproj", "{BE3153CD-264D-4A43-8821-55D39BBBF499}"
EndProject
Project("{FAE04EC0-301F-11D3-BF4B-00C04F79EFBC}") = "Microsoft.AppCenter.Crashes.Android", "SDK\AppCenterCrashes\Microsoft.AppCenter.Crashes.Android\Microsoft.AppCenter.Crashes.Android.csproj", "{BB42C4CE-C2A6-42C5-95F1-7B47800559EE}"
EndProject
Project("{FAE04EC0-301F-11D3-BF4B-00C04F79EFBC}") = "Microsoft.AppCenter.Crashes.Android.Mono", "SDK\AppCenterCrashes\Microsoft.AppCenter.Crashes.Android\Microsoft.AppCenter.Crashes.Android.Mono.csproj", "{BAC72E60-98A6-4EB0-B436-F3AD804D71B0}"
EndProject
Project("{2150E333-8FDC-42A3-9474-1A3956D46DE8}") = "AppCenterDistribute", "AppCenterDistribute", "{F0695E5D-4A26-4A35-8616-0234F2791AD0}"
EndProject
Project("{FAE04EC0-301F-11D3-BF4B-00C04F79EFBC}") = "Microsoft.AppCenter.Distribute", "SDK\AppCenterDistribute\Microsoft.AppCenter.Distribute\Microsoft.AppCenter.Distribute.csproj", "{E5DAA671-1832-499A-B84B-52D688A80649}"
EndProject
Project("{FAE04EC0-301F-11D3-BF4B-00C04F79EFBC}") = "Microsoft.AppCenter.Distribute.Apple", "SDK\AppCenterDistribute\Microsoft.AppCenter.Distribute.Apple\Microsoft.AppCenter.Distribute.Apple.csproj", "{7D107261-5E72-42BA-B094-922AE6863295}"
EndProject
Project("{FAE04EC0-301F-11D3-BF4B-00C04F79EFBC}") = "Microsoft.AppCenter.Distribute.Apple.Mono", "SDK\AppCenterDistribute\Microsoft.AppCenter.Distribute.Apple\Microsoft.AppCenter.Distribute.Apple.Mono.csproj", "{00564759-3FEE-4C0F-B9C3-A9B5982D9975}"
EndProject
Project("{FAE04EC0-301F-11D3-BF4B-00C04F79EFBC}") = "Microsoft.AppCenter.Distribute.Android", "SDK\AppCenterDistribute\Microsoft.AppCenter.Distribute.Android\Microsoft.AppCenter.Distribute.Android.csproj", "{46BD9C4B-B051-4DA4-82FD-DD271686642A}"
EndProject
Project("{FAE04EC0-301F-11D3-BF4B-00C04F79EFBC}") = "Microsoft.AppCenter.Distribute.Android.Mono", "SDK\AppCenterDistribute\Microsoft.AppCenter.Distribute.Android\Microsoft.AppCenter.Distribute.Android.Mono.csproj", "{1356987F-A5D5-4928-B1B4-075B0756926A}"
EndProject
Project("{FAE04EC0-301F-11D3-BF4B-00C04F79EFBC}") = "Microsoft.AppCenter.Distribute.AndroidPlay", "SDK\AppCenterDistribute\Microsoft.AppCenter.Distribute.AndroidPlay\Microsoft.AppCenter.Distribute.AndroidPlay.csproj", "{4D78732C-3B6D-4929-A96B-E3C0CAE57D5A}"
EndProject
Project("{FAE04EC0-301F-11D3-BF4B-00C04F79EFBC}") = "Microsoft.AppCenter.Distribute.AndroidPlay.Mono", "SDK\AppCenterDistribute\Microsoft.AppCenter.Distribute.AndroidPlay\Microsoft.AppCenter.Distribute.AndroidPlay.Mono.csproj", "{1236A835-F541-4668-98C3-BAD2C26EFEA5}"
EndProject
Global
	GlobalSection(SolutionConfigurationPlatforms) = preSolution
		Debug|Any CPU = Debug|Any CPU
		Release|Any CPU = Release|Any CPU
	EndGlobalSection
	GlobalSection(ProjectConfigurationPlatforms) = postSolution
		{2D8978D3-B631-44C4-A68E-092BAB5F76E6}.Debug|Any CPU.ActiveCfg = Debug|Any CPU
		{2D8978D3-B631-44C4-A68E-092BAB5F76E6}.Debug|Any CPU.Build.0 = Debug|Any CPU
		{2D8978D3-B631-44C4-A68E-092BAB5F76E6}.Release|Any CPU.ActiveCfg = Release|Any CPU
		{2D8978D3-B631-44C4-A68E-092BAB5F76E6}.Release|Any CPU.Build.0 = Release|Any CPU
		{AFE9F1BD-145D-4D25-837E-D7D799CB4C87}.Debug|Any CPU.ActiveCfg = Debug|Any CPU
		{AFE9F1BD-145D-4D25-837E-D7D799CB4C87}.Debug|Any CPU.Build.0 = Debug|Any CPU
		{AFE9F1BD-145D-4D25-837E-D7D799CB4C87}.Release|Any CPU.ActiveCfg = Release|Any CPU
		{AFE9F1BD-145D-4D25-837E-D7D799CB4C87}.Release|Any CPU.Build.0 = Release|Any CPU
		{B87370CD-AF51-45E0-AA15-3E0ABC0C30A0}.Debug|Any CPU.ActiveCfg = Debug|Any CPU
		{B87370CD-AF51-45E0-AA15-3E0ABC0C30A0}.Debug|Any CPU.Build.0 = Debug|Any CPU
		{B87370CD-AF51-45E0-AA15-3E0ABC0C30A0}.Release|Any CPU.ActiveCfg = Release|Any CPU
		{B87370CD-AF51-45E0-AA15-3E0ABC0C30A0}.Release|Any CPU.Build.0 = Release|Any CPU
		{2AF5BBC2-F2D3-4902-8ADB-7295CC80B83C}.Debug|Any CPU.ActiveCfg = Debug|Any CPU
		{2AF5BBC2-F2D3-4902-8ADB-7295CC80B83C}.Debug|Any CPU.Build.0 = Debug|Any CPU
		{2AF5BBC2-F2D3-4902-8ADB-7295CC80B83C}.Release|Any CPU.ActiveCfg = Release|Any CPU
		{2AF5BBC2-F2D3-4902-8ADB-7295CC80B83C}.Release|Any CPU.Build.0 = Release|Any CPU
		{119C1730-E109-4BC9-AA89-9DCA2C50BFD5}.Debug|Any CPU.ActiveCfg = Debug|Any CPU
		{119C1730-E109-4BC9-AA89-9DCA2C50BFD5}.Debug|Any CPU.Build.0 = Debug|Any CPU
		{119C1730-E109-4BC9-AA89-9DCA2C50BFD5}.Release|Any CPU.ActiveCfg = Release|Any CPU
		{119C1730-E109-4BC9-AA89-9DCA2C50BFD5}.Release|Any CPU.Build.0 = Release|Any CPU
		{28384A6C-93E5-41E8-80EB-8AC8E4158612}.Debug|Any CPU.ActiveCfg = Debug|Any CPU
		{28384A6C-93E5-41E8-80EB-8AC8E4158612}.Debug|Any CPU.Build.0 = Debug|Any CPU
		{28384A6C-93E5-41E8-80EB-8AC8E4158612}.Release|Any CPU.ActiveCfg = Release|Any CPU
		{28384A6C-93E5-41E8-80EB-8AC8E4158612}.Release|Any CPU.Build.0 = Release|Any CPU
		{40A8DC9E-0650-48D3-8119-2D99B1FBF8AD}.Debug|Any CPU.ActiveCfg = Debug|Any CPU
		{40A8DC9E-0650-48D3-8119-2D99B1FBF8AD}.Debug|Any CPU.Build.0 = Debug|Any CPU
		{40A8DC9E-0650-48D3-8119-2D99B1FBF8AD}.Release|Any CPU.ActiveCfg = Release|Any CPU
		{40A8DC9E-0650-48D3-8119-2D99B1FBF8AD}.Release|Any CPU.Build.0 = Release|Any CPU
		{EF5D0090-9E12-45B5-961C-45D787BD80A5}.Debug|Any CPU.ActiveCfg = Debug|Any CPU
		{EF5D0090-9E12-45B5-961C-45D787BD80A5}.Debug|Any CPU.Build.0 = Debug|Any CPU
		{EF5D0090-9E12-45B5-961C-45D787BD80A5}.Release|Any CPU.ActiveCfg = Release|Any CPU
		{EF5D0090-9E12-45B5-961C-45D787BD80A5}.Release|Any CPU.Build.0 = Release|Any CPU
		{42A3DA9B-A2EF-4F42-B37F-FF75ECB5B59A}.Debug|Any CPU.ActiveCfg = Debug|Any CPU
		{42A3DA9B-A2EF-4F42-B37F-FF75ECB5B59A}.Debug|Any CPU.Build.0 = Debug|Any CPU
		{42A3DA9B-A2EF-4F42-B37F-FF75ECB5B59A}.Release|Any CPU.ActiveCfg = Release|Any CPU
		{42A3DA9B-A2EF-4F42-B37F-FF75ECB5B59A}.Release|Any CPU.Build.0 = Release|Any CPU
		{93E4ADA5-8D7A-44BF-9549-0AD76AB86E8F}.Debug|Any CPU.ActiveCfg = Debug|Any CPU
		{93E4ADA5-8D7A-44BF-9549-0AD76AB86E8F}.Debug|Any CPU.Build.0 = Debug|Any CPU
		{93E4ADA5-8D7A-44BF-9549-0AD76AB86E8F}.Release|Any CPU.ActiveCfg = Release|Any CPU
		{93E4ADA5-8D7A-44BF-9549-0AD76AB86E8F}.Release|Any CPU.Build.0 = Release|Any CPU
		{853A562F-3BF8-42C2-A42B-C2EDA95B7234}.Debug|Any CPU.ActiveCfg = Debug|Any CPU
		{853A562F-3BF8-42C2-A42B-C2EDA95B7234}.Debug|Any CPU.Build.0 = Debug|Any CPU
		{853A562F-3BF8-42C2-A42B-C2EDA95B7234}.Release|Any CPU.ActiveCfg = Release|Any CPU
		{853A562F-3BF8-42C2-A42B-C2EDA95B7234}.Release|Any CPU.Build.0 = Release|Any CPU
		{272C9FEB-DF88-44D7-9663-0BB5F8246B29}.Debug|Any CPU.ActiveCfg = Debug|Any CPU
		{272C9FEB-DF88-44D7-9663-0BB5F8246B29}.Debug|Any CPU.Build.0 = Debug|Any CPU
		{272C9FEB-DF88-44D7-9663-0BB5F8246B29}.Release|Any CPU.ActiveCfg = Release|Any CPU
		{272C9FEB-DF88-44D7-9663-0BB5F8246B29}.Release|Any CPU.Build.0 = Release|Any CPU
		{BE3153CD-264D-4A43-8821-55D39BBBF499}.Debug|Any CPU.ActiveCfg = Debug|Any CPU
		{BE3153CD-264D-4A43-8821-55D39BBBF499}.Debug|Any CPU.Build.0 = Debug|Any CPU
		{BE3153CD-264D-4A43-8821-55D39BBBF499}.Release|Any CPU.ActiveCfg = Release|Any CPU
		{BE3153CD-264D-4A43-8821-55D39BBBF499}.Release|Any CPU.Build.0 = Release|Any CPU
		{BB42C4CE-C2A6-42C5-95F1-7B47800559EE}.Debug|Any CPU.ActiveCfg = Debug|Any CPU
		{BB42C4CE-C2A6-42C5-95F1-7B47800559EE}.Debug|Any CPU.Build.0 = Debug|Any CPU
		{BB42C4CE-C2A6-42C5-95F1-7B47800559EE}.Release|Any CPU.ActiveCfg = Release|Any CPU
		{BB42C4CE-C2A6-42C5-95F1-7B47800559EE}.Release|Any CPU.Build.0 = Release|Any CPU
		{BAC72E60-98A6-4EB0-B436-F3AD804D71B0}.Debug|Any CPU.ActiveCfg = Debug|Any CPU
		{BAC72E60-98A6-4EB0-B436-F3AD804D71B0}.Debug|Any CPU.Build.0 = Debug|Any CPU
		{BAC72E60-98A6-4EB0-B436-F3AD804D71B0}.Release|Any CPU.ActiveCfg = Release|Any CPU
		{BAC72E60-98A6-4EB0-B436-F3AD804D71B0}.Release|Any CPU.Build.0 = Release|Any CPU
		{E5DAA671-1832-499A-B84B-52D688A80649}.Debug|Any CPU.ActiveCfg = Debug|Any CPU
		{E5DAA671-1832-499A-B84B-52D688A80649}.Debug|Any CPU.Build.0 = Debug|Any CPU
		{E5DAA671-1832-499A-B84B-52D688A80649}.Release|Any CPU.ActiveCfg = Release|Any CPU
		{E5DAA671-1832-499A-B84B-52D688A80649}.Release|Any CPU.Build.0 = Release|Any CPU
		{7D107261-5E72-42BA-B094-922AE6863295}.Debug|Any CPU.ActiveCfg = Debug|Any CPU
		{7D107261-5E72-42BA-B094-922AE6863295}.Debug|Any CPU.Build.0 = Debug|Any CPU
		{7D107261-5E72-42BA-B094-922AE6863295}.Release|Any CPU.ActiveCfg = Release|Any CPU
		{7D107261-5E72-42BA-B094-922AE6863295}.Release|Any CPU.Build.0 = Release|Any CPU
		{00564759-3FEE-4C0F-B9C3-A9B5982D9975}.Debug|Any CPU.ActiveCfg = Debug|Any CPU
		{00564759-3FEE-4C0F-B9C3-A9B5982D9975}.Debug|Any CPU.Build.0 = Debug|Any CPU
		{00564759-3FEE-4C0F-B9C3-A9B5982D9975}.Release|Any CPU.ActiveCfg = Release|Any CPU
		{00564759-3FEE-4C0F-B9C3-A9B5982D9975}.Release|Any CPU.Build.0 = Release|Any CPU
		{46BD9C4B-B051-4DA4-82FD-DD271686642A}.Debug|Any CPU.ActiveCfg = Debug|Any CPU
		{46BD9C4B-B051-4DA4-82FD-DD271686642A}.Debug|Any CPU.Build.0 = Debug|Any CPU
		{46BD9C4B-B051-4DA4-82FD-DD271686642A}.Release|Any CPU.ActiveCfg = Release|Any CPU
		{46BD9C4B-B051-4DA4-82FD-DD271686642A}.Release|Any CPU.Build.0 = Release|Any CPU
		{1356987F-A5D5-4928-B1B4-075B0756926A}.Debug|Any CPU.ActiveCfg = Debug|Any CPU
		{1356987F-A5D5-4928-B1B4-075B0756926A}.Debug|Any CPU.Build.0 = Debug|Any CPU
		{1356987F-A5D5-4928-B1B4-075B0756926A}.Release|Any CPU.ActiveCfg = Release|Any CPU
		{1356987F-A5D5-4928-B1B4-075B0756926A}.Release|Any CPU.Build.0 = Release|Any CPU
		{4D78732C-3B6D-4929-A96B-E3C0CAE57D5A}.Debug|Any CPU.ActiveCfg = Debug|Any CPU
		{4D78732C-3B6D-4929-A96B-E3C0CAE57D5A}.Debug|Any CPU.Build.0 = Debug|Any CPU
		{4D78732C-3B6D-4929-A96B-E3C0CAE57D5A}.Release|Any CPU.ActiveCfg = Release|Any CPU
		{4D78732C-3B6D-4929-A96B-E3C0CAE57D5A}.Release|Any CPU.Build.0 = Release|Any CPU
		{1236A835-F541-4668-98C3-BAD2C26EFEA5}.Debug|Any CPU.ActiveCfg = Debug|Any CPU
		{1236A835-F541-4668-98C3-BAD2C26EFEA5}.Debug|Any CPU.Build.0 = Debug|Any CPU
		{1236A835-F541-4668-98C3-BAD2C26EFEA5}.Release|Any CPU.ActiveCfg = Release|Any CPU
		{1236A835-F541-4668-98C3-BAD2C26EFEA5}.Release|Any CPU.Build.0 = Release|Any CPU
	EndGlobalSection
	GlobalSection(SolutionProperties) = preSolution
		HideSolutionNode = FALSE
	EndGlobalSection
	GlobalSection(ExtensibilityGlobals) = postSolution
		SolutionGuid = {BCCF9F34-0FD2-460E-BC79-A97351DAC66F}
	EndGlobalSection
	GlobalSection(NestedProjects) = preSolution
		{74711F41-3DC9-49DD-933F-BA357583919D} = {13B3FD28-AE3D-4A21-AF91-02D45F63075A}
		{2D8978D3-B631-44C4-A68E-092BAB5F76E6} = {74711F41-3DC9-49DD-933F-BA357583919D}
		{AFE9F1BD-145D-4D25-837E-D7D799CB4C87} = {74711F41-3DC9-49DD-933F-BA357583919D}
		{B87370CD-AF51-45E0-AA15-3E0ABC0C30A0} = {74711F41-3DC9-49DD-933F-BA357583919D}
		{2AF5BBC2-F2D3-4902-8ADB-7295CC80B83C} = {74711F41-3DC9-49DD-933F-BA357583919D}
		{119C1730-E109-4BC9-AA89-9DCA2C50BFD5} = {74711F41-3DC9-49DD-933F-BA357583919D}
		{50FA4F1C-A53C-4D5F-95AD-EB7B57F75BF5} = {13B3FD28-AE3D-4A21-AF91-02D45F63075A}
		{28384A6C-93E5-41E8-80EB-8AC8E4158612} = {50FA4F1C-A53C-4D5F-95AD-EB7B57F75BF5}
		{40A8DC9E-0650-48D3-8119-2D99B1FBF8AD} = {50FA4F1C-A53C-4D5F-95AD-EB7B57F75BF5}
		{EF5D0090-9E12-45B5-961C-45D787BD80A5} = {50FA4F1C-A53C-4D5F-95AD-EB7B57F75BF5}
		{42A3DA9B-A2EF-4F42-B37F-FF75ECB5B59A} = {50FA4F1C-A53C-4D5F-95AD-EB7B57F75BF5}
		{93E4ADA5-8D7A-44BF-9549-0AD76AB86E8F} = {50FA4F1C-A53C-4D5F-95AD-EB7B57F75BF5}
		{0C9F1E5A-FA7B-42A1-BDC0-4C6F8B120D32} = {13B3FD28-AE3D-4A21-AF91-02D45F63075A}
		{853A562F-3BF8-42C2-A42B-C2EDA95B7234} = {0C9F1E5A-FA7B-42A1-BDC0-4C6F8B120D32}
		{272C9FEB-DF88-44D7-9663-0BB5F8246B29} = {0C9F1E5A-FA7B-42A1-BDC0-4C6F8B120D32}
		{BE3153CD-264D-4A43-8821-55D39BBBF499} = {0C9F1E5A-FA7B-42A1-BDC0-4C6F8B120D32}
		{BB42C4CE-C2A6-42C5-95F1-7B47800559EE} = {0C9F1E5A-FA7B-42A1-BDC0-4C6F8B120D32}
		{BAC72E60-98A6-4EB0-B436-F3AD804D71B0} = {0C9F1E5A-FA7B-42A1-BDC0-4C6F8B120D32}
		{F0695E5D-4A26-4A35-8616-0234F2791AD0} = {13B3FD28-AE3D-4A21-AF91-02D45F63075A}
		{E5DAA671-1832-499A-B84B-52D688A80649} = {F0695E5D-4A26-4A35-8616-0234F2791AD0}
		{7D107261-5E72-42BA-B094-922AE6863295} = {F0695E5D-4A26-4A35-8616-0234F2791AD0}
		{00564759-3FEE-4C0F-B9C3-A9B5982D9975} = {F0695E5D-4A26-4A35-8616-0234F2791AD0}
		{46BD9C4B-B051-4DA4-82FD-DD271686642A} = {F0695E5D-4A26-4A35-8616-0234F2791AD0}
		{1356987F-A5D5-4928-B1B4-075B0756926A} = {F0695E5D-4A26-4A35-8616-0234F2791AD0}
		{4D78732C-3B6D-4929-A96B-E3C0CAE57D5A} = {F0695E5D-4A26-4A35-8616-0234F2791AD0}
		{1236A835-F541-4668-98C3-BAD2C26EFEA5} = {F0695E5D-4A26-4A35-8616-0234F2791AD0}
	EndGlobalSection
EndGlobal
