Microsoft Visual Studio Solution File, Format Version 12.00
# Visual Studio Version 17
VisualStudioVersion = 17.3.32804.467
MinimumVisualStudioVersion = 10.0.40219.1
Project("{9A19103F-16F7-4668-BE54-9A1E7A4F7556}") = "Microsoft.AppCenter.Test.Functional", "Tests\Microsoft.AppCenter.Test.Functional\Microsoft.AppCenter.Test.Functional.csproj", "{115F38E3-5DD5-469E-8A06-AA6BE4B99777}"
EndProject
Project("{FAE04EC0-301F-11D3-BF4B-00C04F79EFBC}") = "Contoso.Test.Functional.iOS", "Tests\Contoso.Test.Functional.iOS\Contoso.Test.Functional.iOS.csproj", "{CC0B2B0C-5150-477E-A687-1218C64E3367}"
EndProject
Project("{FAE04EC0-301F-11D3-BF4B-00C04F79EFBC}") = "Contoso.Test.Functional.Droid", "Tests\Contoso.Test.Functional.Droid\Contoso.Test.Functional.Droid.csproj", "{CA4FB145-763C-4014-B0AF-F5884412E9F3}"
EndProject
Project("{2150E333-8FDC-42A3-9474-1A3956D46DE8}") = "SDK", "SDK", "{79390575-9F0F-43F3-9BDA-8E3491693230}"
EndProject
Project("{2150E333-8FDC-42A3-9474-1A3956D46DE8}") = "AppCenter", "AppCenter", "{C6395FB6-8473-4A4B-9FA4-2A187F0B0B10}"
EndProject
Project("{9A19103F-16F7-4668-BE54-9A1E7A4F7556}") = "Microsoft.AppCenter", "SDK\AppCenter\Microsoft.AppCenter\Microsoft.AppCenter.csproj", "{3CDDCE77-074A-48A9-9EE3-AEA1FADDB71D}"
EndProject
Project("{9A19103F-16F7-4668-BE54-9A1E7A4F7556}") = "Microsoft.AppCenter.Android.Mono", "SDK\AppCenter\Microsoft.AppCenter.Android\Microsoft.AppCenter.Android.Mono.csproj", "{119C1730-E109-4BC9-AA89-9DCA2C50BFD5}"
EndProject
Project("{9A19103F-16F7-4668-BE54-9A1E7A4F7556}") = "Microsoft.AppCenter.Apple.Mono", "SDK\AppCenter\Microsoft.AppCenter.Apple\Microsoft.AppCenter.Apple.Mono.csproj", "{B87370CD-AF51-45E0-AA15-3E0ABC0C30A0}"
EndProject
Project("{2150E333-8FDC-42A3-9474-1A3956D46DE8}") = "Tests", "Tests", "{E8119A94-6E9A-4073-983D-C9AB3D93F001}"
EndProject
Project("{2150E333-8FDC-42A3-9474-1A3956D46DE8}") = "AppCenterAnalytics", "AppCenterAnalytics", "{A4F89D36-B1BC-4C40-97C0-8D8216B356FC}"
EndProject
Project("{9A19103F-16F7-4668-BE54-9A1E7A4F7556}") = "Microsoft.AppCenter.Analytics", "SDK\AppCenterAnalytics\Microsoft.AppCenter.Analytics\Microsoft.AppCenter.Analytics.csproj", "{A3C3F12A-D7A9-4AE5-A252-3BCB63545B09}"
EndProject
Project("{9A19103F-16F7-4668-BE54-9A1E7A4F7556}") = "Microsoft.AppCenter.Analytics.Android.Mono", "SDK\AppCenterAnalytics\Microsoft.AppCenter.Analytics.Android\Microsoft.AppCenter.Analytics.Android.Mono.csproj", "{93E4ADA5-8D7A-44BF-9549-0AD76AB86E8F}"
EndProject
Project("{9A19103F-16F7-4668-BE54-9A1E7A4F7556}") = "Microsoft.AppCenter.Analytics.Apple.Mono", "SDK\AppCenterAnalytics\Microsoft.AppCenter.Analytics.Apple\Microsoft.AppCenter.Analytics.Apple.Mono.csproj", "{EF5D0090-9E12-45B5-961C-45D787BD80A5}"
EndProject
Project("{9A19103F-16F7-4668-BE54-9A1E7A4F7556}") = "Microsoft.AppCenter.Distribute", "SDK\AppCenterDistribute\Microsoft.AppCenter.Distribute\Microsoft.AppCenter.Distribute.csproj", "{2E2927E8-2C9A-4E38-80A7-71FC2212EDAA}"
EndProject
Project("{9A19103F-16F7-4668-BE54-9A1E7A4F7556}") = "Microsoft.AppCenter.Distribute.Android.Mono", "SDK\AppCenterDistribute\Microsoft.AppCenter.Distribute.Android\Microsoft.AppCenter.Distribute.Android.Mono.csproj", "{AD38DEE9-8A74-4B04-93C3-0831B55E7254}"
EndProject
Project("{9A19103F-16F7-4668-BE54-9A1E7A4F7556}") = "Microsoft.AppCenter.Distribute.Apple.Mono", "SDK\AppCenterDistribute\Microsoft.AppCenter.Distribute.Apple\Microsoft.AppCenter.Distribute.Apple.Mono.csproj", "{60241627-33BB-45F9-A1B6-6F1CB2BF2C4A}"
EndProject
Project("{2150E333-8FDC-42A3-9474-1A3956D46DE8}") = "AppCenterCrashes", "AppCenterCrashes", "{132CD282-47A0-442A-9F30-A43332C2BEF6}"
EndProject
Project("{9A19103F-16F7-4668-BE54-9A1E7A4F7556}") = "Microsoft.AppCenter.Crashes.Apple.Mono", "SDK\AppCenterCrashes\Microsoft.AppCenter.Crashes.Apple\Microsoft.AppCenter.Crashes.Apple.Mono.csproj", "{4936A94C-BE22-4F73-8468-64FA4371FF80}"
EndProject
Project("{9A19103F-16F7-4668-BE54-9A1E7A4F7556}") = "Microsoft.AppCenter.Crashes.Android.Mono", "SDK\AppCenterCrashes\Microsoft.AppCenter.Crashes.Android\Microsoft.AppCenter.Crashes.Android.Mono.csproj", "{D6DB87CA-B8EC-4A38-805F-AFDC7FEC38EB}"
EndProject
Project("{9A19103F-16F7-4668-BE54-9A1E7A4F7556}") = "Microsoft.AppCenter.Crashes", "SDK\AppCenterCrashes\Microsoft.AppCenter.Crashes\Microsoft.AppCenter.Crashes.csproj", "{2A90310C-3A9A-4E89-840D-CB4F584B7879}"
EndProject
Project("{2150E333-8FDC-42A3-9474-1A3956D46DE8}") = "AppCenterDistribute", "AppCenterDistribute", "{7A1CC1F2-3295-4F17-833E-69DBAF4BA29E}"
EndProject
Global
	GlobalSection(SolutionConfigurationPlatforms) = preSolution
		Debug|Any CPU = Debug|Any CPU
		Debug|iPhone = Debug|iPhone
		Debug|iPhoneSimulator = Debug|iPhoneSimulator
		Release|Any CPU = Release|Any CPU
		Release|iPhone = Release|iPhone
		Release|iPhoneSimulator = Release|iPhoneSimulator
	EndGlobalSection
	GlobalSection(ProjectConfigurationPlatforms) = postSolution
		{115F38E3-5DD5-469E-8A06-AA6BE4B99777}.Debug|Any CPU.ActiveCfg = Debug|Any CPU
		{115F38E3-5DD5-469E-8A06-AA6BE4B99777}.Debug|Any CPU.Build.0 = Debug|Any CPU
		{115F38E3-5DD5-469E-8A06-AA6BE4B99777}.Debug|iPhone.ActiveCfg = Debug|Any CPU
		{115F38E3-5DD5-469E-8A06-AA6BE4B99777}.Debug|iPhone.Build.0 = Debug|Any CPU
		{115F38E3-5DD5-469E-8A06-AA6BE4B99777}.Debug|iPhoneSimulator.ActiveCfg = Debug|Any CPU
		{115F38E3-5DD5-469E-8A06-AA6BE4B99777}.Debug|iPhoneSimulator.Build.0 = Debug|Any CPU
		{115F38E3-5DD5-469E-8A06-AA6BE4B99777}.Release|Any CPU.ActiveCfg = Release|Any CPU
		{115F38E3-5DD5-469E-8A06-AA6BE4B99777}.Release|Any CPU.Build.0 = Release|Any CPU
		{115F38E3-5DD5-469E-8A06-AA6BE4B99777}.Release|iPhone.ActiveCfg = Release|Any CPU
		{115F38E3-5DD5-469E-8A06-AA6BE4B99777}.Release|iPhone.Build.0 = Release|Any CPU
		{115F38E3-5DD5-469E-8A06-AA6BE4B99777}.Release|iPhoneSimulator.ActiveCfg = Release|Any CPU
		{115F38E3-5DD5-469E-8A06-AA6BE4B99777}.Release|iPhoneSimulator.Build.0 = Release|Any CPU
		{CC0B2B0C-5150-477E-A687-1218C64E3367}.Debug|Any CPU.ActiveCfg = Debug|iPhoneSimulator
		{CC0B2B0C-5150-477E-A687-1218C64E3367}.Debug|Any CPU.Build.0 = Debug|iPhoneSimulator
		{CC0B2B0C-5150-477E-A687-1218C64E3367}.Debug|iPhone.ActiveCfg = Debug|iPhone
		{CC0B2B0C-5150-477E-A687-1218C64E3367}.Debug|iPhone.Build.0 = Debug|iPhone
		{CC0B2B0C-5150-477E-A687-1218C64E3367}.Debug|iPhoneSimulator.ActiveCfg = Debug|iPhoneSimulator
		{CC0B2B0C-5150-477E-A687-1218C64E3367}.Debug|iPhoneSimulator.Build.0 = Debug|iPhoneSimulator
		{CC0B2B0C-5150-477E-A687-1218C64E3367}.Release|Any CPU.ActiveCfg = Release|iPhoneSimulator
		{CC0B2B0C-5150-477E-A687-1218C64E3367}.Release|Any CPU.Build.0 = Release|iPhoneSimulator
		{CC0B2B0C-5150-477E-A687-1218C64E3367}.Release|iPhone.ActiveCfg = Release|iPhone
		{CC0B2B0C-5150-477E-A687-1218C64E3367}.Release|iPhone.Build.0 = Release|iPhone
		{CC0B2B0C-5150-477E-A687-1218C64E3367}.Release|iPhoneSimulator.ActiveCfg = Release|iPhoneSimulator
		{CC0B2B0C-5150-477E-A687-1218C64E3367}.Release|iPhoneSimulator.Build.0 = Release|iPhoneSimulator
		{CA4FB145-763C-4014-B0AF-F5884412E9F3}.Debug|Any CPU.ActiveCfg = Debug|Any CPU
		{CA4FB145-763C-4014-B0AF-F5884412E9F3}.Debug|Any CPU.Build.0 = Debug|Any CPU
		{CA4FB145-763C-4014-B0AF-F5884412E9F3}.Debug|iPhone.ActiveCfg = Debug|Any CPU
		{CA4FB145-763C-4014-B0AF-F5884412E9F3}.Debug|iPhone.Build.0 = Debug|Any CPU
		{CA4FB145-763C-4014-B0AF-F5884412E9F3}.Debug|iPhoneSimulator.ActiveCfg = Debug|Any CPU
		{CA4FB145-763C-4014-B0AF-F5884412E9F3}.Debug|iPhoneSimulator.Build.0 = Debug|Any CPU
		{CA4FB145-763C-4014-B0AF-F5884412E9F3}.Release|Any CPU.ActiveCfg = Release|Any CPU
		{CA4FB145-763C-4014-B0AF-F5884412E9F3}.Release|Any CPU.Build.0 = Release|Any CPU
		{CA4FB145-763C-4014-B0AF-F5884412E9F3}.Release|iPhone.ActiveCfg = Release|Any CPU
		{CA4FB145-763C-4014-B0AF-F5884412E9F3}.Release|iPhone.Build.0 = Release|Any CPU
		{CA4FB145-763C-4014-B0AF-F5884412E9F3}.Release|iPhoneSimulator.ActiveCfg = Release|Any CPU
		{CA4FB145-763C-4014-B0AF-F5884412E9F3}.Release|iPhoneSimulator.Build.0 = Release|Any CPU
		{3CDDCE77-074A-48A9-9EE3-AEA1FADDB71D}.Debug|Any CPU.ActiveCfg = Debug|Any CPU
		{3CDDCE77-074A-48A9-9EE3-AEA1FADDB71D}.Debug|Any CPU.Build.0 = Debug|Any CPU
		{3CDDCE77-074A-48A9-9EE3-AEA1FADDB71D}.Debug|iPhone.ActiveCfg = Debug|Any CPU
		{3CDDCE77-074A-48A9-9EE3-AEA1FADDB71D}.Debug|iPhone.Build.0 = Debug|Any CPU
		{3CDDCE77-074A-48A9-9EE3-AEA1FADDB71D}.Debug|iPhoneSimulator.ActiveCfg = Debug|Any CPU
		{3CDDCE77-074A-48A9-9EE3-AEA1FADDB71D}.Debug|iPhoneSimulator.Build.0 = Debug|Any CPU
		{3CDDCE77-074A-48A9-9EE3-AEA1FADDB71D}.Release|Any CPU.ActiveCfg = Release|Any CPU
		{3CDDCE77-074A-48A9-9EE3-AEA1FADDB71D}.Release|Any CPU.Build.0 = Release|Any CPU
		{3CDDCE77-074A-48A9-9EE3-AEA1FADDB71D}.Release|iPhone.ActiveCfg = Release|Any CPU
		{3CDDCE77-074A-48A9-9EE3-AEA1FADDB71D}.Release|iPhone.Build.0 = Release|Any CPU
		{3CDDCE77-074A-48A9-9EE3-AEA1FADDB71D}.Release|iPhoneSimulator.ActiveCfg = Release|Any CPU
		{3CDDCE77-074A-48A9-9EE3-AEA1FADDB71D}.Release|iPhoneSimulator.Build.0 = Release|Any CPU
		{119C1730-E109-4BC9-AA89-9DCA2C50BFD5}.Debug|Any CPU.ActiveCfg = Debug|Any CPU
		{119C1730-E109-4BC9-AA89-9DCA2C50BFD5}.Debug|Any CPU.Build.0 = Debug|Any CPU
		{119C1730-E109-4BC9-AA89-9DCA2C50BFD5}.Debug|iPhone.ActiveCfg = Debug|Any CPU
		{119C1730-E109-4BC9-AA89-9DCA2C50BFD5}.Debug|iPhone.Build.0 = Debug|Any CPU
		{119C1730-E109-4BC9-AA89-9DCA2C50BFD5}.Debug|iPhoneSimulator.ActiveCfg = Debug|Any CPU
		{119C1730-E109-4BC9-AA89-9DCA2C50BFD5}.Debug|iPhoneSimulator.Build.0 = Debug|Any CPU
		{119C1730-E109-4BC9-AA89-9DCA2C50BFD5}.Release|Any CPU.ActiveCfg = Release|Any CPU
		{119C1730-E109-4BC9-AA89-9DCA2C50BFD5}.Release|Any CPU.Build.0 = Release|Any CPU
		{119C1730-E109-4BC9-AA89-9DCA2C50BFD5}.Release|iPhone.ActiveCfg = Release|Any CPU
		{119C1730-E109-4BC9-AA89-9DCA2C50BFD5}.Release|iPhone.Build.0 = Release|Any CPU
		{119C1730-E109-4BC9-AA89-9DCA2C50BFD5}.Release|iPhoneSimulator.ActiveCfg = Release|Any CPU
		{119C1730-E109-4BC9-AA89-9DCA2C50BFD5}.Release|iPhoneSimulator.Build.0 = Release|Any CPU
		{B87370CD-AF51-45E0-AA15-3E0ABC0C30A0}.Debug|Any CPU.ActiveCfg = Debug|Any CPU
		{B87370CD-AF51-45E0-AA15-3E0ABC0C30A0}.Debug|Any CPU.Build.0 = Debug|Any CPU
		{B87370CD-AF51-45E0-AA15-3E0ABC0C30A0}.Debug|iPhone.ActiveCfg = Debug|Any CPU
		{B87370CD-AF51-45E0-AA15-3E0ABC0C30A0}.Debug|iPhone.Build.0 = Debug|Any CPU
		{B87370CD-AF51-45E0-AA15-3E0ABC0C30A0}.Debug|iPhoneSimulator.ActiveCfg = Debug|Any CPU
		{B87370CD-AF51-45E0-AA15-3E0ABC0C30A0}.Debug|iPhoneSimulator.Build.0 = Debug|Any CPU
		{B87370CD-AF51-45E0-AA15-3E0ABC0C30A0}.Release|Any CPU.ActiveCfg = Release|Any CPU
		{B87370CD-AF51-45E0-AA15-3E0ABC0C30A0}.Release|Any CPU.Build.0 = Release|Any CPU
		{B87370CD-AF51-45E0-AA15-3E0ABC0C30A0}.Release|iPhone.ActiveCfg = Release|Any CPU
		{B87370CD-AF51-45E0-AA15-3E0ABC0C30A0}.Release|iPhone.Build.0 = Release|Any CPU
		{B87370CD-AF51-45E0-AA15-3E0ABC0C30A0}.Release|iPhoneSimulator.ActiveCfg = Release|Any CPU
		{B87370CD-AF51-45E0-AA15-3E0ABC0C30A0}.Release|iPhoneSimulator.Build.0 = Release|Any CPU
		{A3C3F12A-D7A9-4AE5-A252-3BCB63545B09}.Debug|Any CPU.ActiveCfg = Debug|Any CPU
		{A3C3F12A-D7A9-4AE5-A252-3BCB63545B09}.Debug|Any CPU.Build.0 = Debug|Any CPU
		{A3C3F12A-D7A9-4AE5-A252-3BCB63545B09}.Debug|iPhone.ActiveCfg = Debug|Any CPU
		{A3C3F12A-D7A9-4AE5-A252-3BCB63545B09}.Debug|iPhone.Build.0 = Debug|Any CPU
		{A3C3F12A-D7A9-4AE5-A252-3BCB63545B09}.Debug|iPhoneSimulator.ActiveCfg = Debug|Any CPU
		{A3C3F12A-D7A9-4AE5-A252-3BCB63545B09}.Debug|iPhoneSimulator.Build.0 = Debug|Any CPU
		{A3C3F12A-D7A9-4AE5-A252-3BCB63545B09}.Release|Any CPU.ActiveCfg = Release|Any CPU
		{A3C3F12A-D7A9-4AE5-A252-3BCB63545B09}.Release|Any CPU.Build.0 = Release|Any CPU
		{A3C3F12A-D7A9-4AE5-A252-3BCB63545B09}.Release|iPhone.ActiveCfg = Release|Any CPU
		{A3C3F12A-D7A9-4AE5-A252-3BCB63545B09}.Release|iPhone.Build.0 = Release|Any CPU
		{A3C3F12A-D7A9-4AE5-A252-3BCB63545B09}.Release|iPhoneSimulator.ActiveCfg = Release|Any CPU
		{A3C3F12A-D7A9-4AE5-A252-3BCB63545B09}.Release|iPhoneSimulator.Build.0 = Release|Any CPU
		{93E4ADA5-8D7A-44BF-9549-0AD76AB86E8F}.Debug|Any CPU.ActiveCfg = Debug|Any CPU
		{93E4ADA5-8D7A-44BF-9549-0AD76AB86E8F}.Debug|Any CPU.Build.0 = Debug|Any CPU
		{93E4ADA5-8D7A-44BF-9549-0AD76AB86E8F}.Debug|iPhone.ActiveCfg = Debug|Any CPU
		{93E4ADA5-8D7A-44BF-9549-0AD76AB86E8F}.Debug|iPhone.Build.0 = Debug|Any CPU
		{93E4ADA5-8D7A-44BF-9549-0AD76AB86E8F}.Debug|iPhoneSimulator.ActiveCfg = Debug|Any CPU
		{93E4ADA5-8D7A-44BF-9549-0AD76AB86E8F}.Debug|iPhoneSimulator.Build.0 = Debug|Any CPU
		{93E4ADA5-8D7A-44BF-9549-0AD76AB86E8F}.Release|Any CPU.ActiveCfg = Release|Any CPU
		{93E4ADA5-8D7A-44BF-9549-0AD76AB86E8F}.Release|Any CPU.Build.0 = Release|Any CPU
		{93E4ADA5-8D7A-44BF-9549-0AD76AB86E8F}.Release|iPhone.ActiveCfg = Release|Any CPU
		{93E4ADA5-8D7A-44BF-9549-0AD76AB86E8F}.Release|iPhone.Build.0 = Release|Any CPU
		{93E4ADA5-8D7A-44BF-9549-0AD76AB86E8F}.Release|iPhoneSimulator.ActiveCfg = Release|Any CPU
		{93E4ADA5-8D7A-44BF-9549-0AD76AB86E8F}.Release|iPhoneSimulator.Build.0 = Release|Any CPU
		{EF5D0090-9E12-45B5-961C-45D787BD80A5}.Debug|Any CPU.ActiveCfg = Debug|Any CPU
		{EF5D0090-9E12-45B5-961C-45D787BD80A5}.Debug|Any CPU.Build.0 = Debug|Any CPU
		{EF5D0090-9E12-45B5-961C-45D787BD80A5}.Debug|iPhone.ActiveCfg = Debug|Any CPU
		{EF5D0090-9E12-45B5-961C-45D787BD80A5}.Debug|iPhone.Build.0 = Debug|Any CPU
		{EF5D0090-9E12-45B5-961C-45D787BD80A5}.Debug|iPhoneSimulator.ActiveCfg = Debug|Any CPU
		{EF5D0090-9E12-45B5-961C-45D787BD80A5}.Debug|iPhoneSimulator.Build.0 = Debug|Any CPU
		{EF5D0090-9E12-45B5-961C-45D787BD80A5}.Release|Any CPU.ActiveCfg = Release|Any CPU
		{EF5D0090-9E12-45B5-961C-45D787BD80A5}.Release|Any CPU.Build.0 = Release|Any CPU
		{EF5D0090-9E12-45B5-961C-45D787BD80A5}.Release|iPhone.ActiveCfg = Release|Any CPU
		{EF5D0090-9E12-45B5-961C-45D787BD80A5}.Release|iPhone.Build.0 = Release|Any CPU
		{EF5D0090-9E12-45B5-961C-45D787BD80A5}.Release|iPhoneSimulator.ActiveCfg = Release|Any CPU
		{EF5D0090-9E12-45B5-961C-45D787BD80A5}.Release|iPhoneSimulator.Build.0 = Release|Any CPU
		{2E2927E8-2C9A-4E38-80A7-71FC2212EDAA}.Debug|Any CPU.ActiveCfg = Debug|Any CPU
		{2E2927E8-2C9A-4E38-80A7-71FC2212EDAA}.Debug|Any CPU.Build.0 = Debug|Any CPU
		{2E2927E8-2C9A-4E38-80A7-71FC2212EDAA}.Debug|iPhone.ActiveCfg = Debug|Any CPU
		{2E2927E8-2C9A-4E38-80A7-71FC2212EDAA}.Debug|iPhone.Build.0 = Debug|Any CPU
		{2E2927E8-2C9A-4E38-80A7-71FC2212EDAA}.Debug|iPhoneSimulator.ActiveCfg = Debug|Any CPU
		{2E2927E8-2C9A-4E38-80A7-71FC2212EDAA}.Debug|iPhoneSimulator.Build.0 = Debug|Any CPU
		{2E2927E8-2C9A-4E38-80A7-71FC2212EDAA}.Release|Any CPU.ActiveCfg = Release|Any CPU
		{2E2927E8-2C9A-4E38-80A7-71FC2212EDAA}.Release|Any CPU.Build.0 = Release|Any CPU
		{2E2927E8-2C9A-4E38-80A7-71FC2212EDAA}.Release|iPhone.ActiveCfg = Release|Any CPU
		{2E2927E8-2C9A-4E38-80A7-71FC2212EDAA}.Release|iPhone.Build.0 = Release|Any CPU
		{2E2927E8-2C9A-4E38-80A7-71FC2212EDAA}.Release|iPhoneSimulator.ActiveCfg = Release|Any CPU
		{2E2927E8-2C9A-4E38-80A7-71FC2212EDAA}.Release|iPhoneSimulator.Build.0 = Release|Any CPU
		{AD38DEE9-8A74-4B04-93C3-0831B55E7254}.Debug|Any CPU.ActiveCfg = Debug|Any CPU
		{AD38DEE9-8A74-4B04-93C3-0831B55E7254}.Debug|Any CPU.Build.0 = Debug|Any CPU
		{AD38DEE9-8A74-4B04-93C3-0831B55E7254}.Debug|iPhone.ActiveCfg = Debug|Any CPU
		{AD38DEE9-8A74-4B04-93C3-0831B55E7254}.Debug|iPhone.Build.0 = Debug|Any CPU
		{AD38DEE9-8A74-4B04-93C3-0831B55E7254}.Debug|iPhoneSimulator.ActiveCfg = Debug|Any CPU
		{AD38DEE9-8A74-4B04-93C3-0831B55E7254}.Debug|iPhoneSimulator.Build.0 = Debug|Any CPU
		{AD38DEE9-8A74-4B04-93C3-0831B55E7254}.Release|Any CPU.ActiveCfg = Release|Any CPU
		{AD38DEE9-8A74-4B04-93C3-0831B55E7254}.Release|Any CPU.Build.0 = Release|Any CPU
		{AD38DEE9-8A74-4B04-93C3-0831B55E7254}.Release|iPhone.ActiveCfg = Release|Any CPU
		{AD38DEE9-8A74-4B04-93C3-0831B55E7254}.Release|iPhone.Build.0 = Release|Any CPU
		{AD38DEE9-8A74-4B04-93C3-0831B55E7254}.Release|iPhoneSimulator.ActiveCfg = Release|Any CPU
		{AD38DEE9-8A74-4B04-93C3-0831B55E7254}.Release|iPhoneSimulator.Build.0 = Release|Any CPU
		{60241627-33BB-45F9-A1B6-6F1CB2BF2C4A}.Debug|Any CPU.ActiveCfg = Debug|Any CPU
		{60241627-33BB-45F9-A1B6-6F1CB2BF2C4A}.Debug|Any CPU.Build.0 = Debug|Any CPU
		{60241627-33BB-45F9-A1B6-6F1CB2BF2C4A}.Debug|iPhone.ActiveCfg = Debug|Any CPU
		{60241627-33BB-45F9-A1B6-6F1CB2BF2C4A}.Debug|iPhone.Build.0 = Debug|Any CPU
		{60241627-33BB-45F9-A1B6-6F1CB2BF2C4A}.Debug|iPhoneSimulator.ActiveCfg = Debug|Any CPU
		{60241627-33BB-45F9-A1B6-6F1CB2BF2C4A}.Debug|iPhoneSimulator.Build.0 = Debug|Any CPU
		{60241627-33BB-45F9-A1B6-6F1CB2BF2C4A}.Release|Any CPU.ActiveCfg = Release|Any CPU
		{60241627-33BB-45F9-A1B6-6F1CB2BF2C4A}.Release|Any CPU.Build.0 = Release|Any CPU
		{60241627-33BB-45F9-A1B6-6F1CB2BF2C4A}.Release|iPhone.ActiveCfg = Release|Any CPU
		{60241627-33BB-45F9-A1B6-6F1CB2BF2C4A}.Release|iPhone.Build.0 = Release|Any CPU
		{60241627-33BB-45F9-A1B6-6F1CB2BF2C4A}.Release|iPhoneSimulator.ActiveCfg = Release|Any CPU
		{60241627-33BB-45F9-A1B6-6F1CB2BF2C4A}.Release|iPhoneSimulator.Build.0 = Release|Any CPU
		{4936A94C-BE22-4F73-8468-64FA4371FF80}.Debug|Any CPU.ActiveCfg = Debug|Any CPU
		{4936A94C-BE22-4F73-8468-64FA4371FF80}.Debug|Any CPU.Build.0 = Debug|Any CPU
		{4936A94C-BE22-4F73-8468-64FA4371FF80}.Debug|iPhone.ActiveCfg = Debug|Any CPU
		{4936A94C-BE22-4F73-8468-64FA4371FF80}.Debug|iPhone.Build.0 = Debug|Any CPU
		{4936A94C-BE22-4F73-8468-64FA4371FF80}.Debug|iPhoneSimulator.ActiveCfg = Debug|Any CPU
		{4936A94C-BE22-4F73-8468-64FA4371FF80}.Debug|iPhoneSimulator.Build.0 = Debug|Any CPU
		{4936A94C-BE22-4F73-8468-64FA4371FF80}.Release|Any CPU.ActiveCfg = Release|Any CPU
		{4936A94C-BE22-4F73-8468-64FA4371FF80}.Release|Any CPU.Build.0 = Release|Any CPU
		{4936A94C-BE22-4F73-8468-64FA4371FF80}.Release|iPhone.ActiveCfg = Release|Any CPU
		{4936A94C-BE22-4F73-8468-64FA4371FF80}.Release|iPhone.Build.0 = Release|Any CPU
		{4936A94C-BE22-4F73-8468-64FA4371FF80}.Release|iPhoneSimulator.ActiveCfg = Release|Any CPU
		{4936A94C-BE22-4F73-8468-64FA4371FF80}.Release|iPhoneSimulator.Build.0 = Release|Any CPU
		{D6DB87CA-B8EC-4A38-805F-AFDC7FEC38EB}.Debug|Any CPU.ActiveCfg = Debug|Any CPU
		{D6DB87CA-B8EC-4A38-805F-AFDC7FEC38EB}.Debug|Any CPU.Build.0 = Debug|Any CPU
		{D6DB87CA-B8EC-4A38-805F-AFDC7FEC38EB}.Debug|iPhone.ActiveCfg = Debug|Any CPU
		{D6DB87CA-B8EC-4A38-805F-AFDC7FEC38EB}.Debug|iPhone.Build.0 = Debug|Any CPU
		{D6DB87CA-B8EC-4A38-805F-AFDC7FEC38EB}.Debug|iPhoneSimulator.ActiveCfg = Debug|Any CPU
		{D6DB87CA-B8EC-4A38-805F-AFDC7FEC38EB}.Debug|iPhoneSimulator.Build.0 = Debug|Any CPU
		{D6DB87CA-B8EC-4A38-805F-AFDC7FEC38EB}.Release|Any CPU.ActiveCfg = Release|Any CPU
		{D6DB87CA-B8EC-4A38-805F-AFDC7FEC38EB}.Release|Any CPU.Build.0 = Release|Any CPU
		{D6DB87CA-B8EC-4A38-805F-AFDC7FEC38EB}.Release|iPhone.ActiveCfg = Release|Any CPU
		{D6DB87CA-B8EC-4A38-805F-AFDC7FEC38EB}.Release|iPhone.Build.0 = Release|Any CPU
		{D6DB87CA-B8EC-4A38-805F-AFDC7FEC38EB}.Release|iPhoneSimulator.ActiveCfg = Release|Any CPU
		{D6DB87CA-B8EC-4A38-805F-AFDC7FEC38EB}.Release|iPhoneSimulator.Build.0 = Release|Any CPU
		{2A90310C-3A9A-4E89-840D-CB4F584B7879}.Debug|Any CPU.ActiveCfg = Debug|Any CPU
		{2A90310C-3A9A-4E89-840D-CB4F584B7879}.Debug|Any CPU.Build.0 = Debug|Any CPU
		{2A90310C-3A9A-4E89-840D-CB4F584B7879}.Debug|iPhone.ActiveCfg = Debug|Any CPU
		{2A90310C-3A9A-4E89-840D-CB4F584B7879}.Debug|iPhone.Build.0 = Debug|Any CPU
		{2A90310C-3A9A-4E89-840D-CB4F584B7879}.Debug|iPhoneSimulator.ActiveCfg = Debug|Any CPU
		{2A90310C-3A9A-4E89-840D-CB4F584B7879}.Debug|iPhoneSimulator.Build.0 = Debug|Any CPU
		{2A90310C-3A9A-4E89-840D-CB4F584B7879}.Release|Any CPU.ActiveCfg = Release|Any CPU
		{2A90310C-3A9A-4E89-840D-CB4F584B7879}.Release|Any CPU.Build.0 = Release|Any CPU
		{2A90310C-3A9A-4E89-840D-CB4F584B7879}.Release|iPhone.ActiveCfg = Release|Any CPU
		{2A90310C-3A9A-4E89-840D-CB4F584B7879}.Release|iPhone.Build.0 = Release|Any CPU
		{2A90310C-3A9A-4E89-840D-CB4F584B7879}.Release|iPhoneSimulator.ActiveCfg = Release|Any CPU
		{2A90310C-3A9A-4E89-840D-CB4F584B7879}.Release|iPhoneSimulator.Build.0 = Release|Any CPU
	EndGlobalSection
	GlobalSection(SolutionProperties) = preSolution
		HideSolutionNode = FALSE
	EndGlobalSection
	GlobalSection(NestedProjects) = preSolution
		{115F38E3-5DD5-469E-8A06-AA6BE4B99777} = {E8119A94-6E9A-4073-983D-C9AB3D93F001}
		{CC0B2B0C-5150-477E-A687-1218C64E3367} = {E8119A94-6E9A-4073-983D-C9AB3D93F001}
		{CA4FB145-763C-4014-B0AF-F5884412E9F3} = {E8119A94-6E9A-4073-983D-C9AB3D93F001}
		{C6395FB6-8473-4A4B-9FA4-2A187F0B0B10} = {79390575-9F0F-43F3-9BDA-8E3491693230}
		{3CDDCE77-074A-48A9-9EE3-AEA1FADDB71D} = {C6395FB6-8473-4A4B-9FA4-2A187F0B0B10}
		{119C1730-E109-4BC9-AA89-9DCA2C50BFD5} = {C6395FB6-8473-4A4B-9FA4-2A187F0B0B10}
		{B87370CD-AF51-45E0-AA15-3E0ABC0C30A0} = {C6395FB6-8473-4A4B-9FA4-2A187F0B0B10}
		{A4F89D36-B1BC-4C40-97C0-8D8216B356FC} = {79390575-9F0F-43F3-9BDA-8E3491693230}
		{A3C3F12A-D7A9-4AE5-A252-3BCB63545B09} = {A4F89D36-B1BC-4C40-97C0-8D8216B356FC}
		{93E4ADA5-8D7A-44BF-9549-0AD76AB86E8F} = {A4F89D36-B1BC-4C40-97C0-8D8216B356FC}
		{EF5D0090-9E12-45B5-961C-45D787BD80A5} = {A4F89D36-B1BC-4C40-97C0-8D8216B356FC}
		{2E2927E8-2C9A-4E38-80A7-71FC2212EDAA} = {7A1CC1F2-3295-4F17-833E-69DBAF4BA29E}
		{AD38DEE9-8A74-4B04-93C3-0831B55E7254} = {7A1CC1F2-3295-4F17-833E-69DBAF4BA29E}
		{60241627-33BB-45F9-A1B6-6F1CB2BF2C4A} = {7A1CC1F2-3295-4F17-833E-69DBAF4BA29E}
		{132CD282-47A0-442A-9F30-A43332C2BEF6} = {79390575-9F0F-43F3-9BDA-8E3491693230}
		{4936A94C-BE22-4F73-8468-64FA4371FF80} = {132CD282-47A0-442A-9F30-A43332C2BEF6}
		{D6DB87CA-B8EC-4A38-805F-AFDC7FEC38EB} = {132CD282-47A0-442A-9F30-A43332C2BEF6}
		{2A90310C-3A9A-4E89-840D-CB4F584B7879} = {132CD282-47A0-442A-9F30-A43332C2BEF6}
		{7A1CC1F2-3295-4F17-833E-69DBAF4BA29E} = {79390575-9F0F-43F3-9BDA-8E3491693230}
	EndGlobalSection
	GlobalSection(ExtensibilityGlobals) = postSolution
		SolutionGuid = {F6A67949-C947-4B4D-B74A-21EB3B4CEEB7}
	EndGlobalSection
EndGlobal
