
Microsoft Visual Studio Solution File, Format Version 12.00
# Visual Studio 15
Project("{FAE04EC0-301F-11D3-BF4B-00C04F79EFBC}") = "Microsoft.AppCenter.Data", "Microsoft.AppCenter.Data.csproj", "{4DA0E875-09C6-419A-A922-69FB2227759B}"
EndProject
Global
	GlobalSection(SolutionConfigurationPlatforms) = preSolution
		Debug|Any CPU = Debug|Any CPU
		Release|Any CPU = Release|Any CPU
	EndGlobalSection
	GlobalSection(ProjectConfigurationPlatforms) = postSolution
		{4DA0E875-09C6-419A-A922-69FB2227759B}.Debug|Any CPU.ActiveCfg = Debug|Any CPU
		{4DA0E875-09C6-419A-A922-69FB2227759B}.Debug|Any CPU.Build.0 = Debug|Any CPU
		{4DA0E875-09C6-419A-A922-69FB2227759B}.Release|Any CPU.ActiveCfg = Release|Any CPU
		{4DA0E875-09C6-419A-A922-69FB2227759B}.Release|Any CPU.Build.0 = Release|Any CPU
	EndGlobalSection
EndGlobal
